
Microsoft Visual Studio Solution File, Format Version 12.00
# Visual Studio 2012
Project("{FAE04EC0-301F-11D3-BF4B-00C04F79EFBC}") = "Eking.News", "Eking.News\Eking.News.csproj", "{8491D583-B895-4079-AC1A-C18759FFEFFD}"
EndProject
Project("{FAE04EC0-301F-11D3-BF4B-00C04F79EFBC}") = "Eking.News.Tests", "Eking.News.Tests\Eking.News.Tests.csproj", "{77C57CC9-669A-4523-8451-8A25C25ED207}"
EndProject
Project("{FAE04EC0-301F-11D3-BF4B-00C04F79EFBC}") = "Eking.News.AdminSoftware", "Eking.News.AdminSoftware\Eking.News.AdminSoftware.csproj", "{ADDD896A-5BD3-48E7-978A-36F7DE29ADC7}"
EndProject
Global
	GlobalSection(SolutionConfigurationPlatforms) = preSolution
		Debug|Any CPU = Debug|Any CPU
		Release|Any CPU = Release|Any CPU
	EndGlobalSection
	GlobalSection(ProjectConfigurationPlatforms) = postSolution
		{77C57CC9-669A-4523-8451-8A25C25ED207}.Debug|Any CPU.ActiveCfg = Debug|Any CPU
		{77C57CC9-669A-4523-8451-8A25C25ED207}.Debug|Any CPU.Build.0 = Debug|Any CPU
		{77C57CC9-669A-4523-8451-8A25C25ED207}.Release|Any CPU.ActiveCfg = Release|Any CPU
		{77C57CC9-669A-4523-8451-8A25C25ED207}.Release|Any CPU.Build.0 = Release|Any CPU
		{8491D583-B895-4079-AC1A-C18759FFEFFD}.Debug|Any CPU.ActiveCfg = Debug|Any CPU
		{8491D583-B895-4079-AC1A-C18759FFEFFD}.Debug|Any CPU.Build.0 = Debug|Any CPU
		{8491D583-B895-4079-AC1A-C18759FFEFFD}.Release|Any CPU.ActiveCfg = Release|Any CPU
		{8491D583-B895-4079-AC1A-C18759FFEFFD}.Release|Any CPU.Build.0 = Release|Any CPU
		{ADDD896A-5BD3-48E7-978A-36F7DE29ADC7}.Debug|Any CPU.ActiveCfg = Debug|Any CPU
		{ADDD896A-5BD3-48E7-978A-36F7DE29ADC7}.Debug|Any CPU.Build.0 = Debug|Any CPU
		{ADDD896A-5BD3-48E7-978A-36F7DE29ADC7}.Release|Any CPU.ActiveCfg = Release|Any CPU
		{ADDD896A-5BD3-48E7-978A-36F7DE29ADC7}.Release|Any CPU.Build.0 = Release|Any CPU
	EndGlobalSection
	GlobalSection(SolutionProperties) = preSolution
		HideSolutionNode = FALSE
	EndGlobalSection
	GlobalSection(Performance) = preSolution
		HasPerformanceSessions = true
	EndGlobalSection
EndGlobal
